// !$*UTF8*$!
{
	archiveVersion = 1;
	classes = {
	};
	objectVersion = 48;
	objects = {

/* Begin PBXBuildFile section */
		29250EA420F0E5FF00EC0F31 /* AppDelegate.swift in Sources */ = {isa = PBXBuildFile; fileRef = 29250EA320F0E5FF00EC0F31 /* AppDelegate.swift */; };
		29250EA620F0E5FF00EC0F31 /* ContactsListViewController.swift in Sources */ = {isa = PBXBuildFile; fileRef = 29250EA520F0E5FF00EC0F31 /* ContactsListViewController.swift */; };
		29250EA920F0E5FF00EC0F31 /* Main.storyboard in Resources */ = {isa = PBXBuildFile; fileRef = 29250EA720F0E5FF00EC0F31 /* Main.storyboard */; };
		29250EAC20F0E5FF00EC0F31 /* ContactsApp.xcdatamodeld in Sources */ = {isa = PBXBuildFile; fileRef = 29250EAA20F0E5FF00EC0F31 /* ContactsApp.xcdatamodeld */; };
		29250EAE20F0E5FF00EC0F31 /* Assets.xcassets in Resources */ = {isa = PBXBuildFile; fileRef = 29250EAD20F0E5FF00EC0F31 /* Assets.xcassets */; };
		29250EB120F0E5FF00EC0F31 /* LaunchScreen.storyboard in Resources */ = {isa = PBXBuildFile; fileRef = 29250EAF20F0E5FF00EC0F31 /* LaunchScreen.storyboard */; };
		29250EBC20F0E5FF00EC0F31 /* ContactsAppTests.swift in Sources */ = {isa = PBXBuildFile; fileRef = 29250EBB20F0E5FF00EC0F31 /* ContactsAppTests.swift */; };
		29250EC720F0E5FF00EC0F31 /* ContactsAppUITests.swift in Sources */ = {isa = PBXBuildFile; fileRef = 29250EC620F0E5FF00EC0F31 /* ContactsAppUITests.swift */; };
		29250ED920F0E8F800EC0F31 /* AddContactViewController.swift in Sources */ = {isa = PBXBuildFile; fileRef = 29250ED820F0E8F800EC0F31 /* AddContactViewController.swift */; };
		29250EDB20F0EC8800EC0F31 /* ContactsListTableViewCell.swift in Sources */ = {isa = PBXBuildFile; fileRef = 29250EDA20F0EC8800EC0F31 /* ContactsListTableViewCell.swift */; };
		29250EDD20F0ED2300EC0F31 /* Contact.swift in Sources */ = {isa = PBXBuildFile; fileRef = 29250EDC20F0ED2300EC0F31 /* Contact.swift */; };
		29250EE120F1088A00EC0F31 /* AddContactTableViewCell.swift in Sources */ = {isa = PBXBuildFile; fileRef = 29250EE020F1088A00EC0F31 /* AddContactTableViewCell.swift */; };
		29250EE320F110B400EC0F31 /* CoreDataStack.swift in Sources */ = {isa = PBXBuildFile; fileRef = 29250EE220F110B400EC0F31 /* CoreDataStack.swift */; };
		29FA676520F2283700E9A877 /* ContactListViewModel.swift in Sources */ = {isa = PBXBuildFile; fileRef = 29FA676420F2283700E9A877 /* ContactListViewModel.swift */; };
		29FA676720F2395C00E9A877 /* AddContactViewModel.swift in Sources */ = {isa = PBXBuildFile; fileRef = 29FA676620F2395C00E9A877 /* AddContactViewModel.swift */; };
/* End PBXBuildFile section */

/* Begin PBXContainerItemProxy section */
		29250EB820F0E5FF00EC0F31 /* PBXContainerItemProxy */ = {
			isa = PBXContainerItemProxy;
			containerPortal = 29250E9820F0E5FE00EC0F31 /* Project object */;
			proxyType = 1;
			remoteGlobalIDString = 29250E9F20F0E5FE00EC0F31;
			remoteInfo = ContactsApp;
		};
		29250EC320F0E5FF00EC0F31 /* PBXContainerItemProxy */ = {
			isa = PBXContainerItemProxy;
			containerPortal = 29250E9820F0E5FE00EC0F31 /* Project object */;
			proxyType = 1;
			remoteGlobalIDString = 29250E9F20F0E5FE00EC0F31;
			remoteInfo = ContactsApp;
		};
/* End PBXContainerItemProxy section */

/* Begin PBXFileReference section */
		29250EA020F0E5FE00EC0F31 /* ContactsApp.app */ = {isa = PBXFileReference; explicitFileType = wrapper.application; includeInIndex = 0; path = ContactsApp.app; sourceTree = BUILT_PRODUCTS_DIR; };
		29250EA320F0E5FF00EC0F31 /* AppDelegate.swift */ = {isa = PBXFileReference; lastKnownFileType = sourcecode.swift; path = AppDelegate.swift; sourceTree = "<group>"; };
		29250EA520F0E5FF00EC0F31 /* ContactsListViewController.swift */ = {isa = PBXFileReference; lastKnownFileType = sourcecode.swift; path = ContactsListViewController.swift; sourceTree = "<group>"; };
		29250EA820F0E5FF00EC0F31 /* Base */ = {isa = PBXFileReference; lastKnownFileType = file.storyboard; name = Base; path = Base.lproj/Main.storyboard; sourceTree = "<group>"; };
		29250EAB20F0E5FF00EC0F31 /* ContactsApp.xcdatamodel */ = {isa = PBXFileReference; lastKnownFileType = wrapper.xcdatamodel; path = ContactsApp.xcdatamodel; sourceTree = "<group>"; };
		29250EAD20F0E5FF00EC0F31 /* Assets.xcassets */ = {isa = PBXFileReference; lastKnownFileType = folder.assetcatalog; path = Assets.xcassets; sourceTree = "<group>"; };
		29250EB020F0E5FF00EC0F31 /* Base */ = {isa = PBXFileReference; lastKnownFileType = file.storyboard; name = Base; path = Base.lproj/LaunchScreen.storyboard; sourceTree = "<group>"; };
		29250EB220F0E5FF00EC0F31 /* Info.plist */ = {isa = PBXFileReference; lastKnownFileType = text.plist.xml; path = Info.plist; sourceTree = "<group>"; };
		29250EB720F0E5FF00EC0F31 /* ContactsAppTests.xctest */ = {isa = PBXFileReference; explicitFileType = wrapper.cfbundle; includeInIndex = 0; path = ContactsAppTests.xctest; sourceTree = BUILT_PRODUCTS_DIR; };
		29250EBB20F0E5FF00EC0F31 /* ContactsAppTests.swift */ = {isa = PBXFileReference; lastKnownFileType = sourcecode.swift; path = ContactsAppTests.swift; sourceTree = "<group>"; };
		29250EBD20F0E5FF00EC0F31 /* Info.plist */ = {isa = PBXFileReference; lastKnownFileType = text.plist.xml; path = Info.plist; sourceTree = "<group>"; };
		29250EC220F0E5FF00EC0F31 /* ContactsAppUITests.xctest */ = {isa = PBXFileReference; explicitFileType = wrapper.cfbundle; includeInIndex = 0; path = ContactsAppUITests.xctest; sourceTree = BUILT_PRODUCTS_DIR; };
		29250EC620F0E5FF00EC0F31 /* ContactsAppUITests.swift */ = {isa = PBXFileReference; lastKnownFileType = sourcecode.swift; path = ContactsAppUITests.swift; sourceTree = "<group>"; };
		29250EC820F0E5FF00EC0F31 /* Info.plist */ = {isa = PBXFileReference; lastKnownFileType = text.plist.xml; path = Info.plist; sourceTree = "<group>"; };
		29250ED820F0E8F800EC0F31 /* AddContactViewController.swift */ = {isa = PBXFileReference; lastKnownFileType = sourcecode.swift; path = AddContactViewController.swift; sourceTree = "<group>"; };
		29250EDA20F0EC8800EC0F31 /* ContactsListTableViewCell.swift */ = {isa = PBXFileReference; lastKnownFileType = sourcecode.swift; path = ContactsListTableViewCell.swift; sourceTree = "<group>"; };
		29250EDC20F0ED2300EC0F31 /* Contact.swift */ = {isa = PBXFileReference; lastKnownFileType = sourcecode.swift; path = Contact.swift; sourceTree = "<group>"; };
		29250EE020F1088A00EC0F31 /* AddContactTableViewCell.swift */ = {isa = PBXFileReference; lastKnownFileType = sourcecode.swift; path = AddContactTableViewCell.swift; sourceTree = "<group>"; };
		29250EE220F110B400EC0F31 /* CoreDataStack.swift */ = {isa = PBXFileReference; lastKnownFileType = sourcecode.swift; path = CoreDataStack.swift; sourceTree = "<group>"; };
		29FA676420F2283700E9A877 /* ContactListViewModel.swift */ = {isa = PBXFileReference; lastKnownFileType = sourcecode.swift; path = ContactListViewModel.swift; sourceTree = "<group>"; };
		29FA676620F2395C00E9A877 /* AddContactViewModel.swift */ = {isa = PBXFileReference; lastKnownFileType = sourcecode.swift; path = AddContactViewModel.swift; sourceTree = "<group>"; };
/* End PBXFileReference section */

/* Begin PBXFrameworksBuildPhase section */
		29250E9D20F0E5FE00EC0F31 /* Frameworks */ = {
			isa = PBXFrameworksBuildPhase;
			buildActionMask = 2147483647;
			files = (
			);
			runOnlyForDeploymentPostprocessing = 0;
		};
		29250EB420F0E5FF00EC0F31 /* Frameworks */ = {
			isa = PBXFrameworksBuildPhase;
			buildActionMask = 2147483647;
			files = (
			);
			runOnlyForDeploymentPostprocessing = 0;
		};
		29250EBF20F0E5FF00EC0F31 /* Frameworks */ = {
			isa = PBXFrameworksBuildPhase;
			buildActionMask = 2147483647;
			files = (
			);
			runOnlyForDeploymentPostprocessing = 0;
		};
/* End PBXFrameworksBuildPhase section */

/* Begin PBXGroup section */
		29250E9720F0E5FE00EC0F31 = {
			isa = PBXGroup;
			children = (
				29250EA220F0E5FF00EC0F31 /* ContactsApp */,
				29250EBA20F0E5FF00EC0F31 /* ContactsAppTests */,
				29250EC520F0E5FF00EC0F31 /* ContactsAppUITests */,
				29250EA120F0E5FE00EC0F31 /* Products */,
			);
			sourceTree = "<group>";
		};
		29250EA120F0E5FE00EC0F31 /* Products */ = {
			isa = PBXGroup;
			children = (
				29250EA020F0E5FE00EC0F31 /* ContactsApp.app */,
				29250EB720F0E5FF00EC0F31 /* ContactsAppTests.xctest */,
				29250EC220F0E5FF00EC0F31 /* ContactsAppUITests.xctest */,
			);
			name = Products;
			sourceTree = "<group>";
		};
		29250EA220F0E5FF00EC0F31 /* ContactsApp */ = {
			isa = PBXGroup;
			children = (
				29250EB220F0E5FF00EC0F31 /* Info.plist */,
				29250EE220F110B400EC0F31 /* CoreDataStack.swift */,
				29250ED620F0E7CE00EC0F31 /* ViewModel */,
				29250ED520F0E7C500EC0F31 /* View */,
				29250ED420F0E7BB00EC0F31 /* Model */,
				29250ED720F0E82700EC0F31 /* Supporting Files */,
			);
			path = ContactsApp;
			sourceTree = "<group>";
		};
		29250EBA20F0E5FF00EC0F31 /* ContactsAppTests */ = {
			isa = PBXGroup;
			children = (
				29250EBB20F0E5FF00EC0F31 /* ContactsAppTests.swift */,
				29250EBD20F0E5FF00EC0F31 /* Info.plist */,
			);
			path = ContactsAppTests;
			sourceTree = "<group>";
		};
		29250EC520F0E5FF00EC0F31 /* ContactsAppUITests */ = {
			isa = PBXGroup;
			children = (
				29250EC620F0E5FF00EC0F31 /* ContactsAppUITests.swift */,
				29250EC820F0E5FF00EC0F31 /* Info.plist */,
			);
			path = ContactsAppUITests;
			sourceTree = "<group>";
		};
		29250ED420F0E7BB00EC0F31 /* Model */ = {
			isa = PBXGroup;
			children = (
				29250EDC20F0ED2300EC0F31 /* Contact.swift */,
			);
			path = Model;
			sourceTree = "<group>";
		};
		29250ED520F0E7C500EC0F31 /* View */ = {
			isa = PBXGroup;
			children = (
				29250EA320F0E5FF00EC0F31 /* AppDelegate.swift */,
				29250EDE20F1085C00EC0F31 /* TableViewCell */,
				29250EDF20F1086600EC0F31 /* Storyboard */,
				29FA676320F2274500E9A877 /* Controllers */,
			);
			path = View;
			sourceTree = "<group>";
		};
		29250ED620F0E7CE00EC0F31 /* ViewModel */ = {
			isa = PBXGroup;
			children = (
				29FA676420F2283700E9A877 /* ContactListViewModel.swift */,
				29FA676620F2395C00E9A877 /* AddContactViewModel.swift */,
			);
			path = ViewModel;
			sourceTree = "<group>";
		};
		29250ED720F0E82700EC0F31 /* Supporting Files */ = {
			isa = PBXGroup;
			children = (
				29250EAA20F0E5FF00EC0F31 /* ContactsApp.xcdatamodeld */,
				29250EAF20F0E5FF00EC0F31 /* LaunchScreen.storyboard */,
				29250EAD20F0E5FF00EC0F31 /* Assets.xcassets */,
			);
			path = "Supporting Files";
			sourceTree = "<group>";
		};
		29250EDE20F1085C00EC0F31 /* TableViewCell */ = {
			isa = PBXGroup;
			children = (
				29250EDA20F0EC8800EC0F31 /* ContactsListTableViewCell.swift */,
				29250EE020F1088A00EC0F31 /* AddContactTableViewCell.swift */,
			);
			path = TableViewCell;
			sourceTree = "<group>";
		};
		29250EDF20F1086600EC0F31 /* Storyboard */ = {
			isa = PBXGroup;
			children = (
				29250EA720F0E5FF00EC0F31 /* Main.storyboard */,
			);
			path = Storyboard;
			sourceTree = "<group>";
		};
		29FA676320F2274500E9A877 /* Controllers */ = {
			isa = PBXGroup;
			children = (
				29250EA520F0E5FF00EC0F31 /* ContactsListViewController.swift */,
				29250ED820F0E8F800EC0F31 /* AddContactViewController.swift */,
			);
			path = Controllers;
			sourceTree = "<group>";
		};
/* End PBXGroup section */

/* Begin PBXNativeTarget section */
		29250E9F20F0E5FE00EC0F31 /* ContactsApp */ = {
			isa = PBXNativeTarget;
			buildConfigurationList = 29250ECB20F0E5FF00EC0F31 /* Build configuration list for PBXNativeTarget "ContactsApp" */;
			buildPhases = (
				29250E9C20F0E5FE00EC0F31 /* Sources */,
				29250E9D20F0E5FE00EC0F31 /* Frameworks */,
				29250E9E20F0E5FE00EC0F31 /* Resources */,
			);
			buildRules = (
			);
			dependencies = (
			);
			name = ContactsApp;
			productName = ContactsApp;
			productReference = 29250EA020F0E5FE00EC0F31 /* ContactsApp.app */;
			productType = "com.apple.product-type.application";
		};
		29250EB620F0E5FF00EC0F31 /* ContactsAppTests */ = {
			isa = PBXNativeTarget;
			buildConfigurationList = 29250ECE20F0E5FF00EC0F31 /* Build configuration list for PBXNativeTarget "ContactsAppTests" */;
			buildPhases = (
				29250EB320F0E5FF00EC0F31 /* Sources */,
				29250EB420F0E5FF00EC0F31 /* Frameworks */,
				29250EB520F0E5FF00EC0F31 /* Resources */,
			);
			buildRules = (
			);
			dependencies = (
				29250EB920F0E5FF00EC0F31 /* PBXTargetDependency */,
			);
			name = ContactsAppTests;
			productName = ContactsAppTests;
			productReference = 29250EB720F0E5FF00EC0F31 /* ContactsAppTests.xctest */;
			productType = "com.apple.product-type.bundle.unit-test";
		};
		29250EC120F0E5FF00EC0F31 /* ContactsAppUITests */ = {
			isa = PBXNativeTarget;
			buildConfigurationList = 29250ED120F0E5FF00EC0F31 /* Build configuration list for PBXNativeTarget "ContactsAppUITests" */;
			buildPhases = (
				29250EBE20F0E5FF00EC0F31 /* Sources */,
				29250EBF20F0E5FF00EC0F31 /* Frameworks */,
				29250EC020F0E5FF00EC0F31 /* Resources */,
			);
			buildRules = (
			);
			dependencies = (
				29250EC420F0E5FF00EC0F31 /* PBXTargetDependency */,
			);
			name = ContactsAppUITests;
			productName = ContactsAppUITests;
			productReference = 29250EC220F0E5FF00EC0F31 /* ContactsAppUITests.xctest */;
			productType = "com.apple.product-type.bundle.ui-testing";
		};
/* End PBXNativeTarget section */

/* Begin PBXProject section */
		29250E9820F0E5FE00EC0F31 /* Project object */ = {
			isa = PBXProject;
			attributes = {
				LastSwiftUpdateCheck = 0920;
				LastUpgradeCheck = 0920;
				ORGANIZATIONNAME = Stuti;
				TargetAttributes = {
					29250E9F20F0E5FE00EC0F31 = {
						CreatedOnToolsVersion = 9.2;
						ProvisioningStyle = Automatic;
					};
					29250EB620F0E5FF00EC0F31 = {
						CreatedOnToolsVersion = 9.2;
						ProvisioningStyle = Automatic;
						TestTargetID = 29250E9F20F0E5FE00EC0F31;
					};
					29250EC120F0E5FF00EC0F31 = {
						CreatedOnToolsVersion = 9.2;
						ProvisioningStyle = Automatic;
						TestTargetID = 29250E9F20F0E5FE00EC0F31;
					};
				};
			};
			buildConfigurationList = 29250E9B20F0E5FE00EC0F31 /* Build configuration list for PBXProject "ContactsApp" */;
			compatibilityVersion = "Xcode 8.0";
			developmentRegion = en;
			hasScannedForEncodings = 0;
			knownRegions = (
				en,
				Base,
			);
			mainGroup = 29250E9720F0E5FE00EC0F31;
			productRefGroup = 29250EA120F0E5FE00EC0F31 /* Products */;
			projectDirPath = "";
			projectRoot = "";
			targets = (
				29250E9F20F0E5FE00EC0F31 /* ContactsApp */,
				29250EB620F0E5FF00EC0F31 /* ContactsAppTests */,
				29250EC120F0E5FF00EC0F31 /* ContactsAppUITests */,
			);
		};
/* End PBXProject section */

/* Begin PBXResourcesBuildPhase section */
		29250E9E20F0E5FE00EC0F31 /* Resources */ = {
			isa = PBXResourcesBuildPhase;
			buildActionMask = 2147483647;
			files = (
				29250EB120F0E5FF00EC0F31 /* LaunchScreen.storyboard in Resources */,
				29250EAE20F0E5FF00EC0F31 /* Assets.xcassets in Resources */,
				29250EA920F0E5FF00EC0F31 /* Main.storyboard in Resources */,
			);
			runOnlyForDeploymentPostprocessing = 0;
		};
		29250EB520F0E5FF00EC0F31 /* Resources */ = {
			isa = PBXResourcesBuildPhase;
			buildActionMask = 2147483647;
			files = (
			);
			runOnlyForDeploymentPostprocessing = 0;
		};
		29250EC020F0E5FF00EC0F31 /* Resources */ = {
			isa = PBXResourcesBuildPhase;
			buildActionMask = 2147483647;
			files = (
			);
			runOnlyForDeploymentPostprocessing = 0;
		};
/* End PBXResourcesBuildPhase section */

/* Begin PBXSourcesBuildPhase section */
		29250E9C20F0E5FE00EC0F31 /* Sources */ = {
			isa = PBXSourcesBuildPhase;
			buildActionMask = 2147483647;
			files = (
				29FA676520F2283700E9A877 /* ContactListViewModel.swift in Sources */,
				29250EAC20F0E5FF00EC0F31 /* ContactsApp.xcdatamodeld in Sources */,
				29250EE120F1088A00EC0F31 /* AddContactTableViewCell.swift in Sources */,
				29250ED920F0E8F800EC0F31 /* AddContactViewController.swift in Sources */,
				29250EA620F0E5FF00EC0F31 /* ContactsListViewController.swift in Sources */,
				29FA676720F2395C00E9A877 /* AddContactViewModel.swift in Sources */,
				29250EA420F0E5FF00EC0F31 /* AppDelegate.swift in Sources */,
				29250EDD20F0ED2300EC0F31 /* Contact.swift in Sources */,
				29250EDB20F0EC8800EC0F31 /* ContactsListTableViewCell.swift in Sources */,
				29250EE320F110B400EC0F31 /* CoreDataStack.swift in Sources */,
			);
			runOnlyForDeploymentPostprocessing = 0;
		};
		29250EB320F0E5FF00EC0F31 /* Sources */ = {
			isa = PBXSourcesBuildPhase;
			buildActionMask = 2147483647;
			files = (
				29250EBC20F0E5FF00EC0F31 /* ContactsAppTests.swift in Sources */,
			);
			runOnlyForDeploymentPostprocessing = 0;
		};
		29250EBE20F0E5FF00EC0F31 /* Sources */ = {
			isa = PBXSourcesBuildPhase;
			buildActionMask = 2147483647;
			files = (
				29250EC720F0E5FF00EC0F31 /* ContactsAppUITests.swift in Sources */,
			);
			runOnlyForDeploymentPostprocessing = 0;
		};
/* End PBXSourcesBuildPhase section */

/* Begin PBXTargetDependency section */
		29250EB920F0E5FF00EC0F31 /* PBXTargetDependency */ = {
			isa = PBXTargetDependency;
			target = 29250E9F20F0E5FE00EC0F31 /* ContactsApp */;
			targetProxy = 29250EB820F0E5FF00EC0F31 /* PBXContainerItemProxy */;
		};
		29250EC420F0E5FF00EC0F31 /* PBXTargetDependency */ = {
			isa = PBXTargetDependency;
			target = 29250E9F20F0E5FE00EC0F31 /* ContactsApp */;
			targetProxy = 29250EC320F0E5FF00EC0F31 /* PBXContainerItemProxy */;
		};
/* End PBXTargetDependency section */

/* Begin PBXVariantGroup section */
		29250EA720F0E5FF00EC0F31 /* Main.storyboard */ = {
			isa = PBXVariantGroup;
			children = (
				29250EA820F0E5FF00EC0F31 /* Base */,
			);
			name = Main.storyboard;
			sourceTree = "<group>";
		};
		29250EAF20F0E5FF00EC0F31 /* LaunchScreen.storyboard */ = {
			isa = PBXVariantGroup;
			children = (
				29250EB020F0E5FF00EC0F31 /* Base */,
			);
			name = LaunchScreen.storyboard;
			sourceTree = "<group>";
		};
/* End PBXVariantGroup section */

/* Begin XCBuildConfiguration section */
		29250EC920F0E5FF00EC0F31 /* Debug */ = {
			isa = XCBuildConfiguration;
			buildSettings = {
				ALWAYS_SEARCH_USER_PATHS = NO;
				CLANG_ANALYZER_NONNULL = YES;
				CLANG_ANALYZER_NUMBER_OBJECT_CONVERSION = YES_AGGRESSIVE;
				CLANG_CXX_LANGUAGE_STANDARD = "gnu++14";
				CLANG_CXX_LIBRARY = "libc++";
				CLANG_ENABLE_MODULES = YES;
				CLANG_ENABLE_OBJC_ARC = YES;
				CLANG_WARN_BLOCK_CAPTURE_AUTORELEASING = YES;
				CLANG_WARN_BOOL_CONVERSION = YES;
				CLANG_WARN_COMMA = YES;
				CLANG_WARN_CONSTANT_CONVERSION = YES;
				CLANG_WARN_DIRECT_OBJC_ISA_USAGE = YES_ERROR;
				CLANG_WARN_DOCUMENTATION_COMMENTS = YES;
				CLANG_WARN_EMPTY_BODY = YES;
				CLANG_WARN_ENUM_CONVERSION = YES;
				CLANG_WARN_INFINITE_RECURSION = YES;
				CLANG_WARN_INT_CONVERSION = YES;
				CLANG_WARN_NON_LITERAL_NULL_CONVERSION = YES;
				CLANG_WARN_OBJC_LITERAL_CONVERSION = YES;
				CLANG_WARN_OBJC_ROOT_CLASS = YES_ERROR;
				CLANG_WARN_RANGE_LOOP_ANALYSIS = YES;
				CLANG_WARN_STRICT_PROTOTYPES = YES;
				CLANG_WARN_SUSPICIOUS_MOVE = YES;
				CLANG_WARN_UNGUARDED_AVAILABILITY = YES_AGGRESSIVE;
				CLANG_WARN_UNREACHABLE_CODE = YES;
				CLANG_WARN__DUPLICATE_METHOD_MATCH = YES;
				CODE_SIGN_IDENTITY = "iPhone Developer";
				COPY_PHASE_STRIP = NO;
				DEBUG_INFORMATION_FORMAT = dwarf;
				ENABLE_STRICT_OBJC_MSGSEND = YES;
				ENABLE_TESTABILITY = YES;
				GCC_C_LANGUAGE_STANDARD = gnu11;
				GCC_DYNAMIC_NO_PIC = NO;
				GCC_NO_COMMON_BLOCKS = YES;
				GCC_OPTIMIZATION_LEVEL = 0;
				GCC_PREPROCESSOR_DEFINITIONS = (
					"DEBUG=1",
					"$(inherited)",
				);
				GCC_WARN_64_TO_32_BIT_CONVERSION = YES;
				GCC_WARN_ABOUT_RETURN_TYPE = YES_ERROR;
				GCC_WARN_UNDECLARED_SELECTOR = YES;
				GCC_WARN_UNINITIALIZED_AUTOS = YES_AGGRESSIVE;
				GCC_WARN_UNUSED_FUNCTION = YES;
				GCC_WARN_UNUSED_VARIABLE = YES;
				IPHONEOS_DEPLOYMENT_TARGET = 11.2;
				MTL_ENABLE_DEBUG_INFO = YES;
				ONLY_ACTIVE_ARCH = YES;
				SDKROOT = iphoneos;
				SWIFT_ACTIVE_COMPILATION_CONDITIONS = DEBUG;
				SWIFT_OPTIMIZATION_LEVEL = "-Onone";
			};
			name = Debug;
		};
		29250ECA20F0E5FF00EC0F31 /* Release */ = {
			isa = XCBuildConfiguration;
			buildSettings = {
				ALWAYS_SEARCH_USER_PATHS = NO;
				CLANG_ANALYZER_NONNULL = YES;
				CLANG_ANALYZER_NUMBER_OBJECT_CONVERSION = YES_AGGRESSIVE;
				CLANG_CXX_LANGUAGE_STANDARD = "gnu++14";
				CLANG_CXX_LIBRARY = "libc++";
				CLANG_ENABLE_MODULES = YES;
				CLANG_ENABLE_OBJC_ARC = YES;
				CLANG_WARN_BLOCK_CAPTURE_AUTORELEASING = YES;
				CLANG_WARN_BOOL_CONVERSION = YES;
				CLANG_WARN_COMMA = YES;
				CLANG_WARN_CONSTANT_CONVERSION = YES;
				CLANG_WARN_DIRECT_OBJC_ISA_USAGE = YES_ERROR;
				CLANG_WARN_DOCUMENTATION_COMMENTS = YES;
				CLANG_WARN_EMPTY_BODY = YES;
				CLANG_WARN_ENUM_CONVERSION = YES;
				CLANG_WARN_INFINITE_RECURSION = YES;
				CLANG_WARN_INT_CONVERSION = YES;
				CLANG_WARN_NON_LITERAL_NULL_CONVERSION = YES;
				CLANG_WARN_OBJC_LITERAL_CONVERSION = YES;
				CLANG_WARN_OBJC_ROOT_CLASS = YES_ERROR;
				CLANG_WARN_RANGE_LOOP_ANALYSIS = YES;
				CLANG_WARN_STRICT_PROTOTYPES = YES;
				CLANG_WARN_SUSPICIOUS_MOVE = YES;
				CLANG_WARN_UNGUARDED_AVAILABILITY = YES_AGGRESSIVE;
				CLANG_WARN_UNREACHABLE_CODE = YES;
				CLANG_WARN__DUPLICATE_METHOD_MATCH = YES;
				CODE_SIGN_IDENTITY = "iPhone Developer";
				COPY_PHASE_STRIP = NO;
				DEBUG_INFORMATION_FORMAT = "dwarf-with-dsym";
				ENABLE_NS_ASSERTIONS = NO;
				ENABLE_STRICT_OBJC_MSGSEND = YES;
				GCC_C_LANGUAGE_STANDARD = gnu11;
				GCC_NO_COMMON_BLOCKS = YES;
				GCC_WARN_64_TO_32_BIT_CONVERSION = YES;
				GCC_WARN_ABOUT_RETURN_TYPE = YES_ERROR;
				GCC_WARN_UNDECLARED_SELECTOR = YES;
				GCC_WARN_UNINITIALIZED_AUTOS = YES_AGGRESSIVE;
				GCC_WARN_UNUSED_FUNCTION = YES;
				GCC_WARN_UNUSED_VARIABLE = YES;
				IPHONEOS_DEPLOYMENT_TARGET = 11.2;
				MTL_ENABLE_DEBUG_INFO = NO;
				SDKROOT = iphoneos;
				SWIFT_OPTIMIZATION_LEVEL = "-Owholemodule";
				VALIDATE_PRODUCT = YES;
			};
			name = Release;
		};
		29250ECC20F0E5FF00EC0F31 /* Debug */ = {
			isa = XCBuildConfiguration;
			buildSettings = {
				ASSETCATALOG_COMPILER_APPICON_NAME = AppIcon;
				CODE_SIGN_STYLE = Automatic;
				INFOPLIST_FILE = ContactsApp/Info.plist;
				LD_RUNPATH_SEARCH_PATHS = "$(inherited) @executable_path/Frameworks";
				PRODUCT_BUNDLE_IDENTIFIER = com.stuti.ContactsApp;
				PRODUCT_NAME = "$(TARGET_NAME)";
				SWIFT_VERSION = 4.0;
				TARGETED_DEVICE_FAMILY = "1,2";
			};
			name = Debug;
		};
		29250ECD20F0E5FF00EC0F31 /* Release */ = {
			isa = XCBuildConfiguration;
			buildSettings = {
				ASSETCATALOG_COMPILER_APPICON_NAME = AppIcon;
				CODE_SIGN_STYLE = Automatic;
				INFOPLIST_FILE = ContactsApp/Info.plist;
				LD_RUNPATH_SEARCH_PATHS = "$(inherited) @executable_path/Frameworks";
				PRODUCT_BUNDLE_IDENTIFIER = com.stuti.ContactsApp;
				PRODUCT_NAME = "$(TARGET_NAME)";
				SWIFT_VERSION = 4.0;
				TARGETED_DEVICE_FAMILY = "1,2";
			};
			name = Release;
		};
		29250ECF20F0E5FF00EC0F31 /* Debug */ = {
			isa = XCBuildConfiguration;
			buildSettings = {
				ALWAYS_EMBED_SWIFT_STANDARD_LIBRARIES = YES;
				BUNDLE_LOADER = "$(TEST_HOST)";
				CODE_SIGN_STYLE = Automatic;
				INFOPLIST_FILE = ContactsAppTests/Info.plist;
				LD_RUNPATH_SEARCH_PATHS = "$(inherited) @executable_path/Frameworks @loader_path/Frameworks";
				PRODUCT_BUNDLE_IDENTIFIER = com.stuti.ContactsAppTests;
				PRODUCT_NAME = "$(TARGET_NAME)";
				SWIFT_VERSION = 4.0;
				TARGETED_DEVICE_FAMILY = "1,2";
				TEST_HOST = "$(BUILT_PRODUCTS_DIR)/ContactsApp.app/ContactsApp";
			};
			name = Debug;
		};
		29250ED020F0E5FF00EC0F31 /* Release */ = {
			isa = XCBuildConfiguration;
			buildSettings = {
				ALWAYS_EMBED_SWIFT_STANDARD_LIBRARIES = YES;
				BUNDLE_LOADER = "$(TEST_HOST)";
				CODE_SIGN_STYLE = Automatic;
				INFOPLIST_FILE = ContactsAppTests/Info.plist;
				LD_RUNPATH_SEARCH_PATHS = "$(inherited) @executable_path/Frameworks @loader_path/Frameworks";
				PRODUCT_BUNDLE_IDENTIFIER = com.stuti.ContactsAppTests;
				PRODUCT_NAME = "$(TARGET_NAME)";
				SWIFT_VERSION = 4.0;
				TARGETED_DEVICE_FAMILY = "1,2";
				TEST_HOST = "$(BUILT_PRODUCTS_DIR)/ContactsApp.app/ContactsApp";
			};
			name = Release;
		};
		29250ED220F0E5FF00EC0F31 /* Debug */ = {
			isa = XCBuildConfiguration;
			buildSettings = {
				ALWAYS_EMBED_SWIFT_STANDARD_LIBRARIES = YES;
				CODE_SIGN_STYLE = Automatic;
				INFOPLIST_FILE = ContactsAppUITests/Info.plist;
				LD_RUNPATH_SEARCH_PATHS = "$(inherited) @executable_path/Frameworks @loader_path/Frameworks";
				PRODUCT_BUNDLE_IDENTIFIER = com.stuti.ContactsAppUITests;
				PRODUCT_NAME = "$(TARGET_NAME)";
				SWIFT_VERSION = 4.0;
				TARGETED_DEVICE_FAMILY = "1,2";
				TEST_TARGET_NAME = ContactsApp;
			};
			name = Debug;
		};
		29250ED320F0E5FF00EC0F31 /* Release */ = {
			isa = XCBuildConfiguration;
			buildSettings = {
				ALWAYS_EMBED_SWIFT_STANDARD_LIBRARIES = YES;
				CODE_SIGN_STYLE = Automatic;
				INFOPLIST_FILE = ContactsAppUITests/Info.plist;
				LD_RUNPATH_SEARCH_PATHS = "$(inherited) @executable_path/Frameworks @loader_path/Frameworks";
				PRODUCT_BUNDLE_IDENTIFIER = com.stuti.ContactsAppUITests;
				PRODUCT_NAME = "$(TARGET_NAME)";
				SWIFT_VERSION = 4.0;
				TARGETED_DEVICE_FAMILY = "1,2";
				TEST_TARGET_NAME = ContactsApp;
			};
			name = Release;
		};
/* End XCBuildConfiguration section */

/* Begin XCConfigurationList section */
		29250E9B20F0E5FE00EC0F31 /* Build configuration list for PBXProject "ContactsApp" */ = {
			isa = XCConfigurationList;
			buildConfigurations = (
				29250EC920F0E5FF00EC0F31 /* Debug */,
				29250ECA20F0E5FF00EC0F31 /* Release */,
			);
			defaultConfigurationIsVisible = 0;
			defaultConfigurationName = Release;
		};
		29250ECB20F0E5FF00EC0F31 /* Build configuration list for PBXNativeTarget "ContactsApp" */ = {
			isa = XCConfigurationList;
			buildConfigurations = (
				29250ECC20F0E5FF00EC0F31 /* Debug */,
				29250ECD20F0E5FF00EC0F31 /* Release */,
			);
			defaultConfigurationIsVisible = 0;
			defaultConfigurationName = Release;
		};
		29250ECE20F0E5FF00EC0F31 /* Build configuration list for PBXNativeTarget "ContactsAppTests" */ = {
			isa = XCConfigurationList;
			buildConfigurations = (
				29250ECF20F0E5FF00EC0F31 /* Debug */,
				29250ED020F0E5FF00EC0F31 /* Release */,
			);
			defaultConfigurationIsVisible = 0;
			defaultConfigurationName = Release;
		};
		29250ED120F0E5FF00EC0F31 /* Build configuration list for PBXNativeTarget "ContactsAppUITests" */ = {
			isa = XCConfigurationList;
			buildConfigurations = (
				29250ED220F0E5FF00EC0F31 /* Debug */,
				29250ED320F0E5FF00EC0F31 /* Release */,
			);
			defaultConfigurationIsVisible = 0;
			defaultConfigurationName = Release;
		};
/* End XCConfigurationList section */

/* Begin XCVersionGroup section */
		29250EAA20F0E5FF00EC0F31 /* ContactsApp.xcdatamodeld */ = {
			isa = XCVersionGroup;
			children = (
				29250EAB20F0E5FF00EC0F31 /* ContactsApp.xcdatamodel */,
			);
			currentVersion = 29250EAB20F0E5FF00EC0F31 /* ContactsApp.xcdatamodel */;
			path = ContactsApp.xcdatamodeld;
			sourceTree = "<group>";
			versionGroupType = wrapper.xcdatamodel;
		};
/* End XCVersionGroup section */
	};
	rootObject = 29250E9820F0E5FE00EC0F31 /* Project object */;
}
